// !$*UTF8*$!
{
	archiveVersion = 1;
	classes = {
	};
	objectVersion = 56;
	objects = {

/* Begin PBXBuildFile section */
		C73E6E4B295F8E31007FA22A /* PhotographyLessonsApp.swift in Sources */ = {isa = PBXBuildFile; fileRef = C73E6E4A295F8E31007FA22A /* PhotographyLessonsApp.swift */; };
		C73E6E4F295F8E33007FA22A /* Assets.xcassets in Resources */ = {isa = PBXBuildFile; fileRef = C73E6E4E295F8E33007FA22A /* Assets.xcassets */; };
		C73E6E52295F8E33007FA22A /* Preview Assets.xcassets in Resources */ = {isa = PBXBuildFile; fileRef = C73E6E51295F8E33007FA22A /* Preview Assets.xcassets */; };
		C73E6E54295F8E33007FA22A /* Persistence.swift in Sources */ = {isa = PBXBuildFile; fileRef = C73E6E53295F8E33007FA22A /* Persistence.swift */; };
		C73E6E57295F8E33007FA22A /* PhotographyLessons.xcdatamodeld in Sources */ = {isa = PBXBuildFile; fileRef = C73E6E55295F8E33007FA22A /* PhotographyLessons.xcdatamodeld */; };
		C73E6E61295F8E33007FA22A /* PhotographyLessonsTests.swift in Sources */ = {isa = PBXBuildFile; fileRef = C73E6E60295F8E33007FA22A /* PhotographyLessonsTests.swift */; };
		C73E6E6B295F8E33007FA22A /* PhotographyLessonsUITests.swift in Sources */ = {isa = PBXBuildFile; fileRef = C73E6E6A295F8E33007FA22A /* PhotographyLessonsUITests.swift */; };
		C73E6E6D295F8E33007FA22A /* PhotographyLessonsUITestsLaunchTests.swift in Sources */ = {isa = PBXBuildFile; fileRef = C73E6E6C295F8E33007FA22A /* PhotographyLessonsUITestsLaunchTests.swift */; };
		C73E6E89295F8F7A007FA22A /* NetworkClient.swift in Sources */ = {isa = PBXBuildFile; fileRef = C73E6E7A295F8F7A007FA22A /* NetworkClient.swift */; };
		C73E6E8A295F8F7A007FA22A /* ApiErrorsEnum.swift in Sources */ = {isa = PBXBuildFile; fileRef = C73E6E7D295F8F7A007FA22A /* ApiErrorsEnum.swift */; };
		C73E6E8B295F8F7A007FA22A /* HttpMethodsEnum.swift in Sources */ = {isa = PBXBuildFile; fileRef = C73E6E7E295F8F7A007FA22A /* HttpMethodsEnum.swift */; };
		C73E6E8C295F8F7A007FA22A /* ParametersTypeEnum.swift in Sources */ = {isa = PBXBuildFile; fileRef = C73E6E7F295F8F7A007FA22A /* ParametersTypeEnum.swift */; };
		C73E6E8D295F8F7A007FA22A /* MainResonseModel.swift in Sources */ = {isa = PBXBuildFile; fileRef = C73E6E81295F8F7A007FA22A /* MainResonseModel.swift */; };
		C73E6E8E295F8F7A007FA22A /* URLRequestExtension.swift in Sources */ = {isa = PBXBuildFile; fileRef = C73E6E83295F8F7A007FA22A /* URLRequestExtension.swift */; };
		C73E6E8F295F8F7A007FA22A /* DictionaryExtension.swift in Sources */ = {isa = PBXBuildFile; fileRef = C73E6E84295F8F7A007FA22A /* DictionaryExtension.swift */; };
		C73E6E90295F8F7A007FA22A /* NetworkHandler.swift in Sources */ = {isa = PBXBuildFile; fileRef = C73E6E85295F8F7A007FA22A /* NetworkHandler.swift */; };
		C73E6E91295F8F7A007FA22A /* NetworkReachability.swift in Sources */ = {isa = PBXBuildFile; fileRef = C73E6E86295F8F7A007FA22A /* NetworkReachability.swift */; };
		C73E6E92295F8F7A007FA22A /* NetworkApisProtocol.swift in Sources */ = {isa = PBXBuildFile; fileRef = C73E6E88295F8F7A007FA22A /* NetworkApisProtocol.swift */; };
		C73E6EA5295F910D007FA22A /* LessonModel.swift in Sources */ = {isa = PBXBuildFile; fileRef = C73E6E96295F910D007FA22A /* LessonModel.swift */; };
		C73E6EA6295F910D007FA22A /* GetLessonsUseCase.swift in Sources */ = {isa = PBXBuildFile; fileRef = C73E6E98295F910D007FA22A /* GetLessonsUseCase.swift */; };
		C73E6EA8295F910D007FA22A /* LessonsListView.swift in Sources */ = {isa = PBXBuildFile; fileRef = C73E6E9B295F910D007FA22A /* LessonsListView.swift */; };
		C73E6EA9295F910D007FA22A /* LessonsListView+Handler.swift in Sources */ = {isa = PBXBuildFile; fileRef = C73E6E9C295F910D007FA22A /* LessonsListView+Handler.swift */; };
		C73E6EAA295F910D007FA22A /* LessonsProvider.swift in Sources */ = {isa = PBXBuildFile; fileRef = C73E6E9F295F910D007FA22A /* LessonsProvider.swift */; };
		C73E6EAB295F910D007FA22A /* LessonsRepoImpl.swift in Sources */ = {isa = PBXBuildFile; fileRef = C73E6EA1295F910D007FA22A /* LessonsRepoImpl.swift */; };
		C73E6EAC295F910D007FA22A /* LessonsRepo.swift in Sources */ = {isa = PBXBuildFile; fileRef = C73E6EA2295F910D007FA22A /* LessonsRepo.swift */; };
		C73E6EAD295F910D007FA22A /* LessonsResponse.swift in Sources */ = {isa = PBXBuildFile; fileRef = C73E6EA4295F910D007FA22A /* LessonsResponse.swift */; };
		C73E6EAF295F92F3007FA22A /* LessonsMainResponse.swift in Sources */ = {isa = PBXBuildFile; fileRef = C73E6EAE295F92F3007FA22A /* LessonsMainResponse.swift */; };
		C73E6EB1295F9605007FA22A /* LessonRowView.swift in Sources */ = {isa = PBXBuildFile; fileRef = C73E6EB0295F9604007FA22A /* LessonRowView.swift */; };
		C73E6EB4295F979C007FA22A /* LessonDetailsView.swift in Sources */ = {isa = PBXBuildFile; fileRef = C73E6EB3295F979C007FA22A /* LessonDetailsView.swift */; };
		C73E6EB7295F9D0C007FA22A /* Kingfisher in Frameworks */ = {isa = PBXBuildFile; productRef = C73E6EB6295F9D0C007FA22A /* Kingfisher */; };
		C73E6EBA295FA6E7007FA22A /* ViewExtension.swift in Sources */ = {isa = PBXBuildFile; fileRef = C73E6EB9295FA6E7007FA22A /* ViewExtension.swift */; };
		C73E6EBC295FB25C007FA22A /* LessonDetailsViewController.swift in Sources */ = {isa = PBXBuildFile; fileRef = C73E6EBB295FB25C007FA22A /* LessonDetailsViewController.swift */; };
		C74BE2B229605AB90008CCD9 /* LessonDetailsViewModel.swift in Sources */ = {isa = PBXBuildFile; fileRef = C74BE2B129605AB90008CCD9 /* LessonDetailsViewModel.swift */; };
		C74BE2B4296074010008CCD9 /* AppDelegate.swift in Sources */ = {isa = PBXBuildFile; fileRef = C74BE2B3296074010008CCD9 /* AppDelegate.swift */; };
		C75BD17B2961F5CE009C0783 /* LessonDetails+Video.swift in Sources */ = {isa = PBXBuildFile; fileRef = C75BD17A2961F5CE009C0783 /* LessonDetails+Video.swift */; };
/* End PBXBuildFile section */

/* Begin PBXContainerItemProxy section */
		C73E6E5D295F8E33007FA22A /* PBXContainerItemProxy */ = {
			isa = PBXContainerItemProxy;
			containerPortal = C73E6E3F295F8E31007FA22A /* Project object */;
			proxyType = 1;
			remoteGlobalIDString = C73E6E46295F8E31007FA22A;
			remoteInfo = PhotographyLessons;
		};
		C73E6E67295F8E33007FA22A /* PBXContainerItemProxy */ = {
			isa = PBXContainerItemProxy;
			containerPortal = C73E6E3F295F8E31007FA22A /* Project object */;
			proxyType = 1;
			remoteGlobalIDString = C73E6E46295F8E31007FA22A;
			remoteInfo = PhotographyLessons;
		};
/* End PBXContainerItemProxy section */

/* Begin PBXFileReference section */
		C73E6E47295F8E31007FA22A /* PhotographyLessons.app */ = {isa = PBXFileReference; explicitFileType = wrapper.application; includeInIndex = 0; path = PhotographyLessons.app; sourceTree = BUILT_PRODUCTS_DIR; };
		C73E6E4A295F8E31007FA22A /* PhotographyLessonsApp.swift */ = {isa = PBXFileReference; lastKnownFileType = sourcecode.swift; path = PhotographyLessonsApp.swift; sourceTree = "<group>"; };
		C73E6E4E295F8E33007FA22A /* Assets.xcassets */ = {isa = PBXFileReference; lastKnownFileType = folder.assetcatalog; path = Assets.xcassets; sourceTree = "<group>"; };
		C73E6E51295F8E33007FA22A /* Preview Assets.xcassets */ = {isa = PBXFileReference; lastKnownFileType = folder.assetcatalog; path = "Preview Assets.xcassets"; sourceTree = "<group>"; };
		C73E6E53295F8E33007FA22A /* Persistence.swift */ = {isa = PBXFileReference; lastKnownFileType = sourcecode.swift; path = Persistence.swift; sourceTree = "<group>"; };
		C73E6E56295F8E33007FA22A /* PhotographyLessons.xcdatamodel */ = {isa = PBXFileReference; lastKnownFileType = wrapper.xcdatamodel; path = PhotographyLessons.xcdatamodel; sourceTree = "<group>"; };
		C73E6E5C295F8E33007FA22A /* PhotographyLessonsTests.xctest */ = {isa = PBXFileReference; explicitFileType = wrapper.cfbundle; includeInIndex = 0; path = PhotographyLessonsTests.xctest; sourceTree = BUILT_PRODUCTS_DIR; };
		C73E6E60295F8E33007FA22A /* PhotographyLessonsTests.swift */ = {isa = PBXFileReference; lastKnownFileType = sourcecode.swift; path = PhotographyLessonsTests.swift; sourceTree = "<group>"; };
		C73E6E66295F8E33007FA22A /* PhotographyLessonsUITests.xctest */ = {isa = PBXFileReference; explicitFileType = wrapper.cfbundle; includeInIndex = 0; path = PhotographyLessonsUITests.xctest; sourceTree = BUILT_PRODUCTS_DIR; };
		C73E6E6A295F8E33007FA22A /* PhotographyLessonsUITests.swift */ = {isa = PBXFileReference; lastKnownFileType = sourcecode.swift; path = PhotographyLessonsUITests.swift; sourceTree = "<group>"; };
		C73E6E6C295F8E33007FA22A /* PhotographyLessonsUITestsLaunchTests.swift */ = {isa = PBXFileReference; lastKnownFileType = sourcecode.swift; path = PhotographyLessonsUITestsLaunchTests.swift; sourceTree = "<group>"; };
		C73E6E7A295F8F7A007FA22A /* NetworkClient.swift */ = {isa = PBXFileReference; fileEncoding = 4; lastKnownFileType = sourcecode.swift; path = NetworkClient.swift; sourceTree = "<group>"; };
		C73E6E7D295F8F7A007FA22A /* ApiErrorsEnum.swift */ = {isa = PBXFileReference; fileEncoding = 4; lastKnownFileType = sourcecode.swift; path = ApiErrorsEnum.swift; sourceTree = "<group>"; };
		C73E6E7E295F8F7A007FA22A /* HttpMethodsEnum.swift */ = {isa = PBXFileReference; fileEncoding = 4; lastKnownFileType = sourcecode.swift; path = HttpMethodsEnum.swift; sourceTree = "<group>"; };
		C73E6E7F295F8F7A007FA22A /* ParametersTypeEnum.swift */ = {isa = PBXFileReference; fileEncoding = 4; lastKnownFileType = sourcecode.swift; path = ParametersTypeEnum.swift; sourceTree = "<group>"; };
		C73E6E81295F8F7A007FA22A /* MainResonseModel.swift */ = {isa = PBXFileReference; fileEncoding = 4; lastKnownFileType = sourcecode.swift; path = MainResonseModel.swift; sourceTree = "<group>"; };
		C73E6E83295F8F7A007FA22A /* URLRequestExtension.swift */ = {isa = PBXFileReference; fileEncoding = 4; lastKnownFileType = sourcecode.swift; path = URLRequestExtension.swift; sourceTree = "<group>"; };
		C73E6E84295F8F7A007FA22A /* DictionaryExtension.swift */ = {isa = PBXFileReference; fileEncoding = 4; lastKnownFileType = sourcecode.swift; path = DictionaryExtension.swift; sourceTree = "<group>"; };
		C73E6E85295F8F7A007FA22A /* NetworkHandler.swift */ = {isa = PBXFileReference; fileEncoding = 4; lastKnownFileType = sourcecode.swift; path = NetworkHandler.swift; sourceTree = "<group>"; };
		C73E6E86295F8F7A007FA22A /* NetworkReachability.swift */ = {isa = PBXFileReference; fileEncoding = 4; lastKnownFileType = sourcecode.swift; path = NetworkReachability.swift; sourceTree = "<group>"; };
		C73E6E88295F8F7A007FA22A /* NetworkApisProtocol.swift */ = {isa = PBXFileReference; fileEncoding = 4; lastKnownFileType = sourcecode.swift; path = NetworkApisProtocol.swift; sourceTree = "<group>"; };
		C73E6E96295F910D007FA22A /* LessonModel.swift */ = {isa = PBXFileReference; fileEncoding = 4; lastKnownFileType = sourcecode.swift; path = LessonModel.swift; sourceTree = "<group>"; };
		C73E6E98295F910D007FA22A /* GetLessonsUseCase.swift */ = {isa = PBXFileReference; fileEncoding = 4; lastKnownFileType = sourcecode.swift; path = GetLessonsUseCase.swift; sourceTree = "<group>"; };
		C73E6E9B295F910D007FA22A /* LessonsListView.swift */ = {isa = PBXFileReference; fileEncoding = 4; lastKnownFileType = sourcecode.swift; path = LessonsListView.swift; sourceTree = "<group>"; };
		C73E6E9C295F910D007FA22A /* LessonsListView+Handler.swift */ = {isa = PBXFileReference; fileEncoding = 4; lastKnownFileType = sourcecode.swift; path = "LessonsListView+Handler.swift"; sourceTree = "<group>"; };
		C73E6E9F295F910D007FA22A /* LessonsProvider.swift */ = {isa = PBXFileReference; fileEncoding = 4; lastKnownFileType = sourcecode.swift; path = LessonsProvider.swift; sourceTree = "<group>"; };
		C73E6EA1295F910D007FA22A /* LessonsRepoImpl.swift */ = {isa = PBXFileReference; fileEncoding = 4; lastKnownFileType = sourcecode.swift; path = LessonsRepoImpl.swift; sourceTree = "<group>"; };
		C73E6EA2295F910D007FA22A /* LessonsRepo.swift */ = {isa = PBXFileReference; fileEncoding = 4; lastKnownFileType = sourcecode.swift; path = LessonsRepo.swift; sourceTree = "<group>"; };
		C73E6EA4295F910D007FA22A /* LessonsResponse.swift */ = {isa = PBXFileReference; fileEncoding = 4; lastKnownFileType = sourcecode.swift; path = LessonsResponse.swift; sourceTree = "<group>"; };
		C73E6EAE295F92F3007FA22A /* LessonsMainResponse.swift */ = {isa = PBXFileReference; lastKnownFileType = sourcecode.swift; path = LessonsMainResponse.swift; sourceTree = "<group>"; };
		C73E6EB0295F9604007FA22A /* LessonRowView.swift */ = {isa = PBXFileReference; lastKnownFileType = sourcecode.swift; path = LessonRowView.swift; sourceTree = "<group>"; };
		C73E6EB3295F979C007FA22A /* LessonDetailsView.swift */ = {isa = PBXFileReference; lastKnownFileType = sourcecode.swift; path = LessonDetailsView.swift; sourceTree = "<group>"; };
		C73E6EB9295FA6E7007FA22A /* ViewExtension.swift */ = {isa = PBXFileReference; lastKnownFileType = sourcecode.swift; path = ViewExtension.swift; sourceTree = "<group>"; };
		C73E6EBB295FB25C007FA22A /* LessonDetailsViewController.swift */ = {isa = PBXFileReference; lastKnownFileType = sourcecode.swift; path = LessonDetailsViewController.swift; sourceTree = "<group>"; };
		C74BE2B129605AB90008CCD9 /* LessonDetailsViewModel.swift */ = {isa = PBXFileReference; lastKnownFileType = sourcecode.swift; path = LessonDetailsViewModel.swift; sourceTree = "<group>"; };
		C74BE2B3296074010008CCD9 /* AppDelegate.swift */ = {isa = PBXFileReference; fileEncoding = 4; lastKnownFileType = sourcecode.swift; path = AppDelegate.swift; sourceTree = "<group>"; };
		C75BD17A2961F5CE009C0783 /* LessonDetails+Video.swift */ = {isa = PBXFileReference; lastKnownFileType = sourcecode.swift; path = "LessonDetails+Video.swift"; sourceTree = "<group>"; };
/* End PBXFileReference section */

/* Begin PBXFrameworksBuildPhase section */
		C73E6E44295F8E31007FA22A /* Frameworks */ = {
			isa = PBXFrameworksBuildPhase;
			buildActionMask = 2147483647;
			files = (
				C73E6EB7295F9D0C007FA22A /* Kingfisher in Frameworks */,
			);
			runOnlyForDeploymentPostprocessing = 0;
		};
		C73E6E59295F8E33007FA22A /* Frameworks */ = {
			isa = PBXFrameworksBuildPhase;
			buildActionMask = 2147483647;
			files = (
			);
			runOnlyForDeploymentPostprocessing = 0;
		};
		C73E6E63295F8E33007FA22A /* Frameworks */ = {
			isa = PBXFrameworksBuildPhase;
			buildActionMask = 2147483647;
			files = (
			);
			runOnlyForDeploymentPostprocessing = 0;
		};
/* End PBXFrameworksBuildPhase section */

/* Begin PBXGroup section */
		C73E6E3E295F8E31007FA22A = {
			isa = PBXGroup;
			children = (
				C73E6E49295F8E31007FA22A /* PhotographyLessons */,
				C73E6E5F295F8E33007FA22A /* PhotographyLessonsTests */,
				C73E6E69295F8E33007FA22A /* PhotographyLessonsUITests */,
				C73E6E48295F8E31007FA22A /* Products */,
			);
			sourceTree = "<group>";
		};
		C73E6E48295F8E31007FA22A /* Products */ = {
			isa = PBXGroup;
			children = (
				C73E6E47295F8E31007FA22A /* PhotographyLessons.app */,
				C73E6E5C295F8E33007FA22A /* PhotographyLessonsTests.xctest */,
				C73E6E66295F8E33007FA22A /* PhotographyLessonsUITests.xctest */,
			);
			name = Products;
			sourceTree = "<group>";
		};
		C73E6E49295F8E31007FA22A /* PhotographyLessons */ = {
			isa = PBXGroup;
			children = (
				C73E6E93295F910D007FA22A /* LessonsList */,
				C73E6EB2295F977B007FA22A /* LessonDetails */,
				C73E6EB8295FA6D4007FA22A /* Extensions */,
				C73E6E4E295F8E33007FA22A /* Assets.xcassets */,
				C73E6E53295F8E33007FA22A /* Persistence.swift */,
				C73E6E55295F8E33007FA22A /* PhotographyLessons.xcdatamodeld */,
				C73E6E4A295F8E31007FA22A /* PhotographyLessonsApp.swift */,
				C74BE2B3296074010008CCD9 /* AppDelegate.swift */,
				C73E6E79295F8F7A007FA22A /* Networking */,
				C73E6E50295F8E33007FA22A /* Preview Content */,
			);
			path = PhotographyLessons;
			sourceTree = "<group>";
		};
		C73E6E50295F8E33007FA22A /* Preview Content */ = {
			isa = PBXGroup;
			children = (
				C73E6E51295F8E33007FA22A /* Preview Assets.xcassets */,
			);
			path = "Preview Content";
			sourceTree = "<group>";
		};
		C73E6E5F295F8E33007FA22A /* PhotographyLessonsTests */ = {
			isa = PBXGroup;
			children = (
				C73E6E60295F8E33007FA22A /* PhotographyLessonsTests.swift */,
			);
			path = PhotographyLessonsTests;
			sourceTree = "<group>";
		};
		C73E6E69295F8E33007FA22A /* PhotographyLessonsUITests */ = {
			isa = PBXGroup;
			children = (
				C73E6E6A295F8E33007FA22A /* PhotographyLessonsUITests.swift */,
				C73E6E6C295F8E33007FA22A /* PhotographyLessonsUITestsLaunchTests.swift */,
			);
			path = PhotographyLessonsUITests;
			sourceTree = "<group>";
		};
		C73E6E79295F8F7A007FA22A /* Networking */ = {
			isa = PBXGroup;
			children = (
				C73E6E7A295F8F7A007FA22A /* NetworkClient.swift */,
				C73E6E7B295F8F7A007FA22A /* MainFiles */,
			);
			path = Networking;
			sourceTree = "<group>";
		};
		C73E6E7B295F8F7A007FA22A /* MainFiles */ = {
			isa = PBXGroup;
			children = (
				C73E6E7C295F8F7A007FA22A /* Enums */,
				C73E6E80295F8F7A007FA22A /* Models */,
				C73E6E82295F8F7A007FA22A /* Extensions */,
				C73E6E87295F8F7A007FA22A /* Protocols */,
				C73E6E85295F8F7A007FA22A /* NetworkHandler.swift */,
				C73E6E86295F8F7A007FA22A /* NetworkReachability.swift */,
			);
			path = MainFiles;
			sourceTree = "<group>";
		};
		C73E6E7C295F8F7A007FA22A /* Enums */ = {
			isa = PBXGroup;
			children = (
				C73E6E7D295F8F7A007FA22A /* ApiErrorsEnum.swift */,
				C73E6E7E295F8F7A007FA22A /* HttpMethodsEnum.swift */,
				C73E6E7F295F8F7A007FA22A /* ParametersTypeEnum.swift */,
			);
			path = Enums;
			sourceTree = "<group>";
		};
		C73E6E80295F8F7A007FA22A /* Models */ = {
			isa = PBXGroup;
			children = (
				C73E6E81295F8F7A007FA22A /* MainResonseModel.swift */,
			);
			path = Models;
			sourceTree = "<group>";
		};
		C73E6E82295F8F7A007FA22A /* Extensions */ = {
			isa = PBXGroup;
			children = (
				C73E6E83295F8F7A007FA22A /* URLRequestExtension.swift */,
				C73E6E84295F8F7A007FA22A /* DictionaryExtension.swift */,
			);
			path = Extensions;
			sourceTree = "<group>";
		};
		C73E6E87295F8F7A007FA22A /* Protocols */ = {
			isa = PBXGroup;
			children = (
				C73E6E88295F8F7A007FA22A /* NetworkApisProtocol.swift */,
			);
			path = Protocols;
			sourceTree = "<group>";
		};
		C73E6E93295F910D007FA22A /* LessonsList */ = {
			isa = PBXGroup;
			children = (
				C73E6E94295F910D007FA22A /* DomainLayer */,
				C73E6E99295F910D007FA22A /* Views */,
				C73E6E9D295F910D007FA22A /* DataLayer */,
			);
			path = LessonsList;
			sourceTree = "<group>";
		};
		C73E6E94295F910D007FA22A /* DomainLayer */ = {
			isa = PBXGroup;
			children = (
				C73E6E95295F910D007FA22A /* Models */,
				C73E6E97295F910D007FA22A /* UseCases */,
			);
			path = DomainLayer;
			sourceTree = "<group>";
		};
		C73E6E95295F910D007FA22A /* Models */ = {
			isa = PBXGroup;
			children = (
				C73E6E96295F910D007FA22A /* LessonModel.swift */,
			);
			path = Models;
			sourceTree = "<group>";
		};
		C73E6E97295F910D007FA22A /* UseCases */ = {
			isa = PBXGroup;
			children = (
				C73E6E98295F910D007FA22A /* GetLessonsUseCase.swift */,
			);
			path = UseCases;
			sourceTree = "<group>";
		};
		C73E6E99295F910D007FA22A /* Views */ = {
			isa = PBXGroup;
			children = (
				C73E6E9B295F910D007FA22A /* LessonsListView.swift */,
				C73E6E9C295F910D007FA22A /* LessonsListView+Handler.swift */,
				C73E6EB0295F9604007FA22A /* LessonRowView.swift */,
			);
			path = Views;
			sourceTree = "<group>";
		};
		C73E6E9D295F910D007FA22A /* DataLayer */ = {
			isa = PBXGroup;
			children = (
				C73E6E9E295F910D007FA22A /* DataSource */,
				C73E6EA0295F910D007FA22A /* Repos */,
				C73E6EA3295F910D007FA22A /* Models */,
			);
			path = DataLayer;
			sourceTree = "<group>";
		};
		C73E6E9E295F910D007FA22A /* DataSource */ = {
			isa = PBXGroup;
			children = (
				C73E6E9F295F910D007FA22A /* LessonsProvider.swift */,
			);
			path = DataSource;
			sourceTree = "<group>";
		};
		C73E6EA0295F910D007FA22A /* Repos */ = {
			isa = PBXGroup;
			children = (
				C73E6EA1295F910D007FA22A /* LessonsRepoImpl.swift */,
				C73E6EA2295F910D007FA22A /* LessonsRepo.swift */,
			);
			path = Repos;
			sourceTree = "<group>";
		};
		C73E6EA3295F910D007FA22A /* Models */ = {
			isa = PBXGroup;
			children = (
				C73E6EA4295F910D007FA22A /* LessonsResponse.swift */,
				C73E6EAE295F92F3007FA22A /* LessonsMainResponse.swift */,
			);
			path = Models;
			sourceTree = "<group>";
		};
		C73E6EB2295F977B007FA22A /* LessonDetails */ = {
			isa = PBXGroup;
			children = (
				C74BE2B029605AA60008CCD9 /* ViewModel */,
				C74BE2AF29605A9C0008CCD9 /* Views */,
			);
			path = LessonDetails;
			sourceTree = "<group>";
		};
		C73E6EB8295FA6D4007FA22A /* Extensions */ = {
			isa = PBXGroup;
			children = (
				C73E6EB9295FA6E7007FA22A /* ViewExtension.swift */,
			);
			path = Extensions;
			sourceTree = "<group>";
		};
		C74BE2AF29605A9C0008CCD9 /* Views */ = {
			isa = PBXGroup;
			children = (
				C73E6EB3295F979C007FA22A /* LessonDetailsView.swift */,
				C73E6EBB295FB25C007FA22A /* LessonDetailsViewController.swift */,
				C75BD17A2961F5CE009C0783 /* LessonDetails+Video.swift */,
			);
			path = Views;
			sourceTree = "<group>";
		};
		C74BE2B029605AA60008CCD9 /* ViewModel */ = {
			isa = PBXGroup;
			children = (
				C74BE2B129605AB90008CCD9 /* LessonDetailsViewModel.swift */,
			);
			path = ViewModel;
			sourceTree = "<group>";
		};
/* End PBXGroup section */

/* Begin PBXNativeTarget section */
		C73E6E46295F8E31007FA22A /* PhotographyLessons */ = {
			isa = PBXNativeTarget;
			buildConfigurationList = C73E6E70295F8E33007FA22A /* Build configuration list for PBXNativeTarget "PhotographyLessons" */;
			buildPhases = (
				C73E6E43295F8E31007FA22A /* Sources */,
				C73E6E44295F8E31007FA22A /* Frameworks */,
				C73E6E45295F8E31007FA22A /* Resources */,
			);
			buildRules = (
			);
			dependencies = (
			);
			name = PhotographyLessons;
			packageProductDependencies = (
				C73E6EB6295F9D0C007FA22A /* Kingfisher */,
			);
			productName = PhotographyLessons;
			productReference = C73E6E47295F8E31007FA22A /* PhotographyLessons.app */;
			productType = "com.apple.product-type.application";
		};
		C73E6E5B295F8E33007FA22A /* PhotographyLessonsTests */ = {
			isa = PBXNativeTarget;
			buildConfigurationList = C73E6E73295F8E33007FA22A /* Build configuration list for PBXNativeTarget "PhotographyLessonsTests" */;
			buildPhases = (
				C73E6E58295F8E33007FA22A /* Sources */,
				C73E6E59295F8E33007FA22A /* Frameworks */,
				C73E6E5A295F8E33007FA22A /* Resources */,
			);
			buildRules = (
			);
			dependencies = (
				C73E6E5E295F8E33007FA22A /* PBXTargetDependency */,
			);
			name = PhotographyLessonsTests;
			productName = PhotographyLessonsTests;
			productReference = C73E6E5C295F8E33007FA22A /* PhotographyLessonsTests.xctest */;
			productType = "com.apple.product-type.bundle.unit-test";
		};
		C73E6E65295F8E33007FA22A /* PhotographyLessonsUITests */ = {
			isa = PBXNativeTarget;
			buildConfigurationList = C73E6E76295F8E33007FA22A /* Build configuration list for PBXNativeTarget "PhotographyLessonsUITests" */;
			buildPhases = (
				C73E6E62295F8E33007FA22A /* Sources */,
				C73E6E63295F8E33007FA22A /* Frameworks */,
				C73E6E64295F8E33007FA22A /* Resources */,
			);
			buildRules = (
			);
			dependencies = (
				C73E6E68295F8E33007FA22A /* PBXTargetDependency */,
			);
			name = PhotographyLessonsUITests;
			productName = PhotographyLessonsUITests;
			productReference = C73E6E66295F8E33007FA22A /* PhotographyLessonsUITests.xctest */;
			productType = "com.apple.product-type.bundle.ui-testing";
		};
/* End PBXNativeTarget section */

/* Begin PBXProject section */
		C73E6E3F295F8E31007FA22A /* Project object */ = {
			isa = PBXProject;
			attributes = {
				BuildIndependentTargetsInParallel = 1;
				LastSwiftUpdateCheck = 1400;
				LastUpgradeCheck = 1400;
				TargetAttributes = {
					C73E6E46295F8E31007FA22A = {
						CreatedOnToolsVersion = 14.0;
					};
					C73E6E5B295F8E33007FA22A = {
						CreatedOnToolsVersion = 14.0;
						TestTargetID = C73E6E46295F8E31007FA22A;
					};
					C73E6E65295F8E33007FA22A = {
						CreatedOnToolsVersion = 14.0;
						TestTargetID = C73E6E46295F8E31007FA22A;
					};
				};
			};
			buildConfigurationList = C73E6E42295F8E31007FA22A /* Build configuration list for PBXProject "PhotographyLessons" */;
			compatibilityVersion = "Xcode 14.0";
			developmentRegion = en;
			hasScannedForEncodings = 0;
			knownRegions = (
				en,
				Base,
			);
			mainGroup = C73E6E3E295F8E31007FA22A;
			packageReferences = (
				C73E6EB5295F9D0C007FA22A /* XCRemoteSwiftPackageReference "Kingfisher" */,
			);
			productRefGroup = C73E6E48295F8E31007FA22A /* Products */;
			projectDirPath = "";
			projectRoot = "";
			targets = (
				C73E6E46295F8E31007FA22A /* PhotographyLessons */,
				C73E6E5B295F8E33007FA22A /* PhotographyLessonsTests */,
				C73E6E65295F8E33007FA22A /* PhotographyLessonsUITests */,
			);
		};
/* End PBXProject section */

/* Begin PBXResourcesBuildPhase section */
		C73E6E45295F8E31007FA22A /* Resources */ = {
			isa = PBXResourcesBuildPhase;
			buildActionMask = 2147483647;
			files = (
				C73E6E52295F8E33007FA22A /* Preview Assets.xcassets in Resources */,
				C73E6E4F295F8E33007FA22A /* Assets.xcassets in Resources */,
			);
			runOnlyForDeploymentPostprocessing = 0;
		};
		C73E6E5A295F8E33007FA22A /* Resources */ = {
			isa = PBXResourcesBuildPhase;
			buildActionMask = 2147483647;
			files = (
			);
			runOnlyForDeploymentPostprocessing = 0;
		};
		C73E6E64295F8E33007FA22A /* Resources */ = {
			isa = PBXResourcesBuildPhase;
			buildActionMask = 2147483647;
			files = (
			);
			runOnlyForDeploymentPostprocessing = 0;
		};
/* End PBXResourcesBuildPhase section */

/* Begin PBXSourcesBuildPhase section */
		C73E6E43295F8E31007FA22A /* Sources */ = {
			isa = PBXSourcesBuildPhase;
			buildActionMask = 2147483647;
			files = (
				C73E6E8D295F8F7A007FA22A /* MainResonseModel.swift in Sources */,
				C73E6EAD295F910D007FA22A /* LessonsResponse.swift in Sources */,
				C73E6EAC295F910D007FA22A /* LessonsRepo.swift in Sources */,
				C73E6E8E295F8F7A007FA22A /* URLRequestExtension.swift in Sources */,
				C74BE2B4296074010008CCD9 /* AppDelegate.swift in Sources */,
				C73E6EA6295F910D007FA22A /* GetLessonsUseCase.swift in Sources */,
				C73E6EB1295F9605007FA22A /* LessonRowView.swift in Sources */,
				C73E6EAB295F910D007FA22A /* LessonsRepoImpl.swift in Sources */,
				C73E6EA5295F910D007FA22A /* LessonModel.swift in Sources */,
				C73E6E54295F8E33007FA22A /* Persistence.swift in Sources */,
				C73E6E89295F8F7A007FA22A /* NetworkClient.swift in Sources */,
				C73E6E8B295F8F7A007FA22A /* HttpMethodsEnum.swift in Sources */,
				C73E6E8F295F8F7A007FA22A /* DictionaryExtension.swift in Sources */,
				C73E6EBA295FA6E7007FA22A /* ViewExtension.swift in Sources */,
				C73E6EA8295F910D007FA22A /* LessonsListView.swift in Sources */,
				C73E6E8A295F8F7A007FA22A /* ApiErrorsEnum.swift in Sources */,
				C73E6EBC295FB25C007FA22A /* LessonDetailsViewController.swift in Sources */,
				C73E6EAF295F92F3007FA22A /* LessonsMainResponse.swift in Sources */,
				C73E6EB4295F979C007FA22A /* LessonDetailsView.swift in Sources */,
				C73E6E91295F8F7A007FA22A /* NetworkReachability.swift in Sources */,
				C73E6E4B295F8E31007FA22A /* PhotographyLessonsApp.swift in Sources */,
				C74BE2B229605AB90008CCD9 /* LessonDetailsViewModel.swift in Sources */,
				C73E6E8C295F8F7A007FA22A /* ParametersTypeEnum.swift in Sources */,
				C73E6E92295F8F7A007FA22A /* NetworkApisProtocol.swift in Sources */,
				C73E6E57295F8E33007FA22A /* PhotographyLessons.xcdatamodeld in Sources */,
				C73E6E90295F8F7A007FA22A /* NetworkHandler.swift in Sources */,
				C75BD17B2961F5CE009C0783 /* LessonDetails+Video.swift in Sources */,
				C73E6EA9295F910D007FA22A /* LessonsListView+Handler.swift in Sources */,
				C73E6EAA295F910D007FA22A /* LessonsProvider.swift in Sources */,
			);
			runOnlyForDeploymentPostprocessing = 0;
		};
		C73E6E58295F8E33007FA22A /* Sources */ = {
			isa = PBXSourcesBuildPhase;
			buildActionMask = 2147483647;
			files = (
				C73E6E61295F8E33007FA22A /* PhotographyLessonsTests.swift in Sources */,
			);
			runOnlyForDeploymentPostprocessing = 0;
		};
		C73E6E62295F8E33007FA22A /* Sources */ = {
			isa = PBXSourcesBuildPhase;
			buildActionMask = 2147483647;
			files = (
				C73E6E6D295F8E33007FA22A /* PhotographyLessonsUITestsLaunchTests.swift in Sources */,
				C73E6E6B295F8E33007FA22A /* PhotographyLessonsUITests.swift in Sources */,
			);
			runOnlyForDeploymentPostprocessing = 0;
		};
/* End PBXSourcesBuildPhase section */

/* Begin PBXTargetDependency section */
		C73E6E5E295F8E33007FA22A /* PBXTargetDependency */ = {
			isa = PBXTargetDependency;
			target = C73E6E46295F8E31007FA22A /* PhotographyLessons */;
			targetProxy = C73E6E5D295F8E33007FA22A /* PBXContainerItemProxy */;
		};
		C73E6E68295F8E33007FA22A /* PBXTargetDependency */ = {
			isa = PBXTargetDependency;
			target = C73E6E46295F8E31007FA22A /* PhotographyLessons */;
			targetProxy = C73E6E67295F8E33007FA22A /* PBXContainerItemProxy */;
		};
/* End PBXTargetDependency section */

/* Begin XCBuildConfiguration section */
		C73E6E6E295F8E33007FA22A /* Debug */ = {
			isa = XCBuildConfiguration;
			buildSettings = {
				ALWAYS_SEARCH_USER_PATHS = NO;
				CLANG_ANALYZER_NONNULL = YES;
				CLANG_ANALYZER_NUMBER_OBJECT_CONVERSION = YES_AGGRESSIVE;
				CLANG_CXX_LANGUAGE_STANDARD = "gnu++20";
				CLANG_ENABLE_MODULES = YES;
				CLANG_ENABLE_OBJC_ARC = YES;
				CLANG_ENABLE_OBJC_WEAK = YES;
				CLANG_WARN_BLOCK_CAPTURE_AUTORELEASING = YES;
				CLANG_WARN_BOOL_CONVERSION = YES;
				CLANG_WARN_COMMA = YES;
				CLANG_WARN_CONSTANT_CONVERSION = YES;
				CLANG_WARN_DEPRECATED_OBJC_IMPLEMENTATIONS = YES;
				CLANG_WARN_DIRECT_OBJC_ISA_USAGE = YES_ERROR;
				CLANG_WARN_DOCUMENTATION_COMMENTS = YES;
				CLANG_WARN_EMPTY_BODY = YES;
				CLANG_WARN_ENUM_CONVERSION = YES;
				CLANG_WARN_INFINITE_RECURSION = YES;
				CLANG_WARN_INT_CONVERSION = YES;
				CLANG_WARN_NON_LITERAL_NULL_CONVERSION = YES;
				CLANG_WARN_OBJC_IMPLICIT_RETAIN_SELF = YES;
				CLANG_WARN_OBJC_LITERAL_CONVERSION = YES;
				CLANG_WARN_OBJC_ROOT_CLASS = YES_ERROR;
				CLANG_WARN_QUOTED_INCLUDE_IN_FRAMEWORK_HEADER = YES;
				CLANG_WARN_RANGE_LOOP_ANALYSIS = YES;
				CLANG_WARN_STRICT_PROTOTYPES = YES;
				CLANG_WARN_SUSPICIOUS_MOVE = YES;
				CLANG_WARN_UNGUARDED_AVAILABILITY = YES_AGGRESSIVE;
				CLANG_WARN_UNREACHABLE_CODE = YES;
				CLANG_WARN__DUPLICATE_METHOD_MATCH = YES;
				COPY_PHASE_STRIP = NO;
				DEBUG_INFORMATION_FORMAT = dwarf;
				ENABLE_STRICT_OBJC_MSGSEND = YES;
				ENABLE_TESTABILITY = YES;
				GCC_C_LANGUAGE_STANDARD = gnu11;
				GCC_DYNAMIC_NO_PIC = NO;
				GCC_NO_COMMON_BLOCKS = YES;
				GCC_OPTIMIZATION_LEVEL = 0;
				GCC_PREPROCESSOR_DEFINITIONS = (
					"DEBUG=1",
					"$(inherited)",
				);
				GCC_WARN_64_TO_32_BIT_CONVERSION = YES;
				GCC_WARN_ABOUT_RETURN_TYPE = YES_ERROR;
				GCC_WARN_UNDECLARED_SELECTOR = YES;
				GCC_WARN_UNINITIALIZED_AUTOS = YES_AGGRESSIVE;
				GCC_WARN_UNUSED_FUNCTION = YES;
				GCC_WARN_UNUSED_VARIABLE = YES;
				IPHONEOS_DEPLOYMENT_TARGET = 16.0;
				MTL_ENABLE_DEBUG_INFO = INCLUDE_SOURCE;
				MTL_FAST_MATH = YES;
				ONLY_ACTIVE_ARCH = YES;
				SDKROOT = iphoneos;
				SWIFT_ACTIVE_COMPILATION_CONDITIONS = DEBUG;
				SWIFT_OPTIMIZATION_LEVEL = "-Onone";
			};
			name = Debug;
		};
		C73E6E6F295F8E33007FA22A /* Release */ = {
			isa = XCBuildConfiguration;
			buildSettings = {
				ALWAYS_SEARCH_USER_PATHS = NO;
				CLANG_ANALYZER_NONNULL = YES;
				CLANG_ANALYZER_NUMBER_OBJECT_CONVERSION = YES_AGGRESSIVE;
				CLANG_CXX_LANGUAGE_STANDARD = "gnu++20";
				CLANG_ENABLE_MODULES = YES;
				CLANG_ENABLE_OBJC_ARC = YES;
				CLANG_ENABLE_OBJC_WEAK = YES;
				CLANG_WARN_BLOCK_CAPTURE_AUTORELEASING = YES;
				CLANG_WARN_BOOL_CONVERSION = YES;
				CLANG_WARN_COMMA = YES;
				CLANG_WARN_CONSTANT_CONVERSION = YES;
				CLANG_WARN_DEPRECATED_OBJC_IMPLEMENTATIONS = YES;
				CLANG_WARN_DIRECT_OBJC_ISA_USAGE = YES_ERROR;
				CLANG_WARN_DOCUMENTATION_COMMENTS = YES;
				CLANG_WARN_EMPTY_BODY = YES;
				CLANG_WARN_ENUM_CONVERSION = YES;
				CLANG_WARN_INFINITE_RECURSION = YES;
				CLANG_WARN_INT_CONVERSION = YES;
				CLANG_WARN_NON_LITERAL_NULL_CONVERSION = YES;
				CLANG_WARN_OBJC_IMPLICIT_RETAIN_SELF = YES;
				CLANG_WARN_OBJC_LITERAL_CONVERSION = YES;
				CLANG_WARN_OBJC_ROOT_CLASS = YES_ERROR;
				CLANG_WARN_QUOTED_INCLUDE_IN_FRAMEWORK_HEADER = YES;
				CLANG_WARN_RANGE_LOOP_ANALYSIS = YES;
				CLANG_WARN_STRICT_PROTOTYPES = YES;
				CLANG_WARN_SUSPICIOUS_MOVE = YES;
				CLANG_WARN_UNGUARDED_AVAILABILITY = YES_AGGRESSIVE;
				CLANG_WARN_UNREACHABLE_CODE = YES;
				CLANG_WARN__DUPLICATE_METHOD_MATCH = YES;
				COPY_PHASE_STRIP = NO;
				DEBUG_INFORMATION_FORMAT = "dwarf-with-dsym";
				ENABLE_NS_ASSERTIONS = NO;
				ENABLE_STRICT_OBJC_MSGSEND = YES;
				GCC_C_LANGUAGE_STANDARD = gnu11;
				GCC_NO_COMMON_BLOCKS = YES;
				GCC_WARN_64_TO_32_BIT_CONVERSION = YES;
				GCC_WARN_ABOUT_RETURN_TYPE = YES_ERROR;
				GCC_WARN_UNDECLARED_SELECTOR = YES;
				GCC_WARN_UNINITIALIZED_AUTOS = YES_AGGRESSIVE;
				GCC_WARN_UNUSED_FUNCTION = YES;
				GCC_WARN_UNUSED_VARIABLE = YES;
				IPHONEOS_DEPLOYMENT_TARGET = 16.0;
				MTL_ENABLE_DEBUG_INFO = NO;
				MTL_FAST_MATH = YES;
				SDKROOT = iphoneos;
				SWIFT_COMPILATION_MODE = wholemodule;
				SWIFT_OPTIMIZATION_LEVEL = "-O";
				VALIDATE_PRODUCT = YES;
			};
			name = Release;
		};
		C73E6E71295F8E33007FA22A /* Debug */ = {
			isa = XCBuildConfiguration;
			buildSettings = {
				ASSETCATALOG_COMPILER_APPICON_NAME = AppIcon;
				ASSETCATALOG_COMPILER_GLOBAL_ACCENT_COLOR_NAME = AccentColor;
				CODE_SIGN_STYLE = Automatic;
				CURRENT_PROJECT_VERSION = 1;
				DEVELOPMENT_ASSET_PATHS = "\"PhotographyLessons/Preview Content\"";
				DEVELOPMENT_TEAM = F433CSXY33;
				ENABLE_PREVIEWS = YES;
				GENERATE_INFOPLIST_FILE = YES;
				INFOPLIST_KEY_UIApplicationSceneManifest_Generation = YES;
				INFOPLIST_KEY_UIApplicationSupportsIndirectInputEvents = YES;
				INFOPLIST_KEY_UILaunchScreen_Generation = YES;
				INFOPLIST_KEY_UISupportedInterfaceOrientations = UIInterfaceOrientationPortrait;
				INFOPLIST_KEY_UISupportedInterfaceOrientations_iPad = "UIInterfaceOrientationLandscapeLeft UIInterfaceOrientationLandscapeRight UIInterfaceOrientationPortrait UIInterfaceOrientationPortraitUpsideDown";
				INFOPLIST_KEY_UIUserInterfaceStyle = Dark;
				LD_RUNPATH_SEARCH_PATHS = (
					"$(inherited)",
					"@executable_path/Frameworks",
				);
				MARKETING_VERSION = 1.0;
				PRODUCT_BUNDLE_IDENTIFIER = com.Shimaa.PhotographyLessons;
				PRODUCT_NAME = "$(TARGET_NAME)";
				SUPPORTED_PLATFORMS = "iphoneos iphonesimulator";
				SUPPORTS_MACCATALYST = NO;
				SUPPORTS_MAC_DESIGNED_FOR_IPHONE_IPAD = NO;
				SWIFT_EMIT_LOC_STRINGS = YES;
				SWIFT_VERSION = 5.0;
				TARGETED_DEVICE_FAMILY = 1;
			};
			name = Debug;
		};
		C73E6E72295F8E33007FA22A /* Release */ = {
			isa = XCBuildConfiguration;
			buildSettings = {
				ASSETCATALOG_COMPILER_APPICON_NAME = AppIcon;
				ASSETCATALOG_COMPILER_GLOBAL_ACCENT_COLOR_NAME = AccentColor;
				CODE_SIGN_STYLE = Automatic;
				CURRENT_PROJECT_VERSION = 1;
				DEVELOPMENT_ASSET_PATHS = "\"PhotographyLessons/Preview Content\"";
				DEVELOPMENT_TEAM = F433CSXY33;
				ENABLE_PREVIEWS = YES;
				GENERATE_INFOPLIST_FILE = YES;
				INFOPLIST_KEY_UIApplicationSceneManifest_Generation = YES;
				INFOPLIST_KEY_UIApplicationSupportsIndirectInputEvents = YES;
				INFOPLIST_KEY_UILaunchScreen_Generation = YES;
				INFOPLIST_KEY_UISupportedInterfaceOrientations = UIInterfaceOrientationPortrait;
				INFOPLIST_KEY_UISupportedInterfaceOrientations_iPad = "UIInterfaceOrientationLandscapeLeft UIInterfaceOrientationLandscapeRight UIInterfaceOrientationPortrait UIInterfaceOrientationPortraitUpsideDown";
				INFOPLIST_KEY_UIUserInterfaceStyle = Dark;
				LD_RUNPATH_SEARCH_PATHS = (
					"$(inherited)",
					"@executable_path/Frameworks",
				);
				MARKETING_VERSION = 1.0;
				PRODUCT_BUNDLE_IDENTIFIER = com.Shimaa.PhotographyLessons;
				PRODUCT_NAME = "$(TARGET_NAME)";
				SUPPORTED_PLATFORMS = "iphoneos iphonesimulator";
				SUPPORTS_MACCATALYST = NO;
				SUPPORTS_MAC_DESIGNED_FOR_IPHONE_IPAD = NO;
				SWIFT_EMIT_LOC_STRINGS = YES;
				SWIFT_VERSION = 5.0;
				TARGETED_DEVICE_FAMILY = 1;
			};
			name = Release;
		};
		C73E6E74295F8E33007FA22A /* Debug */ = {
			isa = XCBuildConfiguration;
			buildSettings = {
				ALWAYS_EMBED_SWIFT_STANDARD_LIBRARIES = YES;
				BUNDLE_LOADER = "$(TEST_HOST)";
				CODE_SIGN_STYLE = Automatic;
				CURRENT_PROJECT_VERSION = 1;
				DEVELOPMENT_TEAM = F433CSXY33;
				GENERATE_INFOPLIST_FILE = YES;
				IPHONEOS_DEPLOYMENT_TARGET = 16.0;
				MARKETING_VERSION = 1.0;
				PRODUCT_BUNDLE_IDENTIFIER = com.Shimaa.PhotographyLessonsTests;
				PRODUCT_NAME = "$(TARGET_NAME)";
				SWIFT_EMIT_LOC_STRINGS = NO;
				SWIFT_VERSION = 5.0;
				TARGETED_DEVICE_FAMILY = "1,2";
				TEST_HOST = "$(BUILT_PRODUCTS_DIR)/PhotographyLessons.app/$(BUNDLE_EXECUTABLE_FOLDER_PATH)/PhotographyLessons";
			};
			name = Debug;
		};
		C73E6E75295F8E33007FA22A /* Release */ = {
			isa = XCBuildConfiguration;
			buildSettings = {
				ALWAYS_EMBED_SWIFT_STANDARD_LIBRARIES = YES;
				BUNDLE_LOADER = "$(TEST_HOST)";
				CODE_SIGN_STYLE = Automatic;
				CURRENT_PROJECT_VERSION = 1;
				DEVELOPMENT_TEAM = F433CSXY33;
				GENERATE_INFOPLIST_FILE = YES;
				IPHONEOS_DEPLOYMENT_TARGET = 16.0;
				MARKETING_VERSION = 1.0;
				PRODUCT_BUNDLE_IDENTIFIER = com.Shimaa.PhotographyLessonsTests;
				PRODUCT_NAME = "$(TARGET_NAME)";
				SWIFT_EMIT_LOC_STRINGS = NO;
				SWIFT_VERSION = 5.0;
				TARGETED_DEVICE_FAMILY = "1,2";
				TEST_HOST = "$(BUILT_PRODUCTS_DIR)/PhotographyLessons.app/$(BUNDLE_EXECUTABLE_FOLDER_PATH)/PhotographyLessons";
			};
			name = Release;
		};
		C73E6E77295F8E33007FA22A /* Debug */ = {
			isa = XCBuildConfiguration;
			buildSettings = {
				ALWAYS_EMBED_SWIFT_STANDARD_LIBRARIES = YES;
				CODE_SIGN_STYLE = Automatic;
				CURRENT_PROJECT_VERSION = 1;
				DEVELOPMENT_TEAM = F433CSXY33;
				GENERATE_INFOPLIST_FILE = YES;
				MARKETING_VERSION = 1.0;
				PRODUCT_BUNDLE_IDENTIFIER = com.Shimaa.PhotographyLessonsUITests;
				PRODUCT_NAME = "$(TARGET_NAME)";
				SWIFT_EMIT_LOC_STRINGS = NO;
				SWIFT_VERSION = 5.0;
				TARGETED_DEVICE_FAMILY = "1,2";
				TEST_TARGET_NAME = PhotographyLessons;
			};
			name = Debug;
		};
		C73E6E78295F8E33007FA22A /* Release */ = {
			isa = XCBuildConfiguration;
			buildSettings = {
				ALWAYS_EMBED_SWIFT_STANDARD_LIBRARIES = YES;
				CODE_SIGN_STYLE = Automatic;
				CURRENT_PROJECT_VERSION = 1;
				DEVELOPMENT_TEAM = F433CSXY33;
				GENERATE_INFOPLIST_FILE = YES;
				MARKETING_VERSION = 1.0;
				PRODUCT_BUNDLE_IDENTIFIER = com.Shimaa.PhotographyLessonsUITests;
				PRODUCT_NAME = "$(TARGET_NAME)";
				SWIFT_EMIT_LOC_STRINGS = NO;
				SWIFT_VERSION = 5.0;
				TARGETED_DEVICE_FAMILY = "1,2";
				TEST_TARGET_NAME = PhotographyLessons;
			};
			name = Release;
		};
/* End XCBuildConfiguration section */

/* Begin XCConfigurationList section */
		C73E6E42295F8E31007FA22A /* Build configuration list for PBXProject "PhotographyLessons" */ = {
			isa = XCConfigurationList;
			buildConfigurations = (
				C73E6E6E295F8E33007FA22A /* Debug */,
				C73E6E6F295F8E33007FA22A /* Release */,
			);
			defaultConfigurationIsVisible = 0;
			defaultConfigurationName = Release;
		};
		C73E6E70295F8E33007FA22A /* Build configuration list for PBXNativeTarget "PhotographyLessons" */ = {
			isa = XCConfigurationList;
			buildConfigurations = (
				C73E6E71295F8E33007FA22A /* Debug */,
				C73E6E72295F8E33007FA22A /* Release */,
			);
			defaultConfigurationIsVisible = 0;
			defaultConfigurationName = Release;
		};
		C73E6E73295F8E33007FA22A /* Build configuration list for PBXNativeTarget "PhotographyLessonsTests" */ = {
			isa = XCConfigurationList;
			buildConfigurations = (
				C73E6E74295F8E33007FA22A /* Debug */,
				C73E6E75295F8E33007FA22A /* Release */,
			);
			defaultConfigurationIsVisible = 0;
			defaultConfigurationName = Release;
		};
		C73E6E76295F8E33007FA22A /* Build configuration list for PBXNativeTarget "PhotographyLessonsUITests" */ = {
			isa = XCConfigurationList;
			buildConfigurations = (
				C73E6E77295F8E33007FA22A /* Debug */,
				C73E6E78295F8E33007FA22A /* Release */,
			);
			defaultConfigurationIsVisible = 0;
			defaultConfigurationName = Release;
		};
/* End XCConfigurationList section */

/* Begin XCRemoteSwiftPackageReference section */
		C73E6EB5295F9D0C007FA22A /* XCRemoteSwiftPackageReference "Kingfisher" */ = {
			isa = XCRemoteSwiftPackageReference;
			repositoryURL = "https://github.com/onevcat/Kingfisher.git";
			requirement = {
				branch = master;
				kind = branch;
			};
		};
/* End XCRemoteSwiftPackageReference section */

/* Begin XCSwiftPackageProductDependency section */
		C73E6EB6295F9D0C007FA22A /* Kingfisher */ = {
			isa = XCSwiftPackageProductDependency;
			package = C73E6EB5295F9D0C007FA22A /* XCRemoteSwiftPackageReference "Kingfisher" */;
			productName = Kingfisher;
		};
/* End XCSwiftPackageProductDependency section */

/* Begin XCVersionGroup section */
		C73E6E55295F8E33007FA22A /* PhotographyLessons.xcdatamodeld */ = {
			isa = XCVersionGroup;
			children = (
				C73E6E56295F8E33007FA22A /* PhotographyLessons.xcdatamodel */,
			);
			currentVersion = C73E6E56295F8E33007FA22A /* PhotographyLessons.xcdatamodel */;
			path = PhotographyLessons.xcdatamodeld;
			sourceTree = "<group>";
			versionGroupType = wrapper.xcdatamodel;
		};
/* End XCVersionGroup section */
	};
	rootObject = C73E6E3F295F8E31007FA22A /* Project object */;
}
